// !$*UTF8*$!
{
	archiveVersion = 1;
	classes = {
	};
	objectVersion = 50;
	objects = {

/* Begin PBXBuildFile section */
		050C76EB26ACFA4800C49681 /* AppDelegate.swift in Sources */ = {isa = PBXBuildFile; fileRef = 050C76EA26ACFA4800C49681 /* AppDelegate.swift */; };
		050C76ED26ACFA4800C49681 /* SceneDelegate.swift in Sources */ = {isa = PBXBuildFile; fileRef = 050C76EC26ACFA4800C49681 /* SceneDelegate.swift */; };
		050C76F226ACFA4800C49681 /* Main.storyboard in Resources */ = {isa = PBXBuildFile; fileRef = 050C76F026ACFA4800C49681 /* Main.storyboard */; };
		050C76F426ACFA4A00C49681 /* Assets.xcassets in Resources */ = {isa = PBXBuildFile; fileRef = 050C76F326ACFA4A00C49681 /* Assets.xcassets */; };
		050C76F726ACFA4A00C49681 /* LaunchScreen.storyboard in Resources */ = {isa = PBXBuildFile; fileRef = 050C76F526ACFA4A00C49681 /* LaunchScreen.storyboard */; };
		050C770826ACFD1C00C49681 /* URLGenerator.swift in Sources */ = {isa = PBXBuildFile; fileRef = 050C770726ACFD1C00C49681 /* URLGenerator.swift */; };
		050C770B26AD01DD00C49681 /* ProductResponse.swift in Sources */ = {isa = PBXBuildFile; fileRef = 050C770A26AD01DD00C49681 /* ProductResponse.swift */; };
		050C770E26AD09FE00C49681 /* ProductViewModel.swift in Sources */ = {isa = PBXBuildFile; fileRef = 050C770D26AD09FE00C49681 /* ProductViewModel.swift */; };
		050C771126AD0C5300C49681 /* ProductListViewModel.swift in Sources */ = {isa = PBXBuildFile; fileRef = 050C771026AD0C5300C49681 /* ProductListViewModel.swift */; };
		050C771426AD402500C49681 /* APILoader.swift in Sources */ = {isa = PBXBuildFile; fileRef = 050C771326AD402500C49681 /* APILoader.swift */; };
		050C771A26AD564B00C49681 /* ProductListViewController.swift in Sources */ = {isa = PBXBuildFile; fileRef = 050C771926AD564B00C49681 /* ProductListViewController.swift */; };
		050C771E26AE387E00C49681 /* ProductListLoaderURL.swift in Sources */ = {isa = PBXBuildFile; fileRef = 050C771D26AE387E00C49681 /* ProductListLoaderURL.swift */; };
		050C772226AE39DD00C49681 /* ProductDetailLoaderURL.swift in Sources */ = {isa = PBXBuildFile; fileRef = 050C772126AE39DD00C49681 /* ProductDetailLoaderURL.swift */; };
		050C772626AE3E3500C49681 /* ProductTableListCell.swift in Sources */ = {isa = PBXBuildFile; fileRef = 050C772526AE3E3500C49681 /* ProductTableListCell.swift */; };
		050C773026AFBB6900C49681 /* ProductDetailViewController.swift in Sources */ = {isa = PBXBuildFile; fileRef = 050C772F26AFBB6900C49681 /* ProductDetailViewController.swift */; };
		050C773526AFEB3300C49681 /* ProductDetailResponse.swift in Sources */ = {isa = PBXBuildFile; fileRef = 050C773426AFEB3300C49681 /* ProductDetailResponse.swift */; };
		050C773826B0CFF500C49681 /* ProductDetailViewModel.swift in Sources */ = {isa = PBXBuildFile; fileRef = 050C773726B0CFF500C49681 /* ProductDetailViewModel.swift */; };
		05B5CC1926B3BB5100F17CCA /* CollectionViewDataModel.swift in Sources */ = {isa = PBXBuildFile; fileRef = 05B5CC1826B3BB5100F17CCA /* CollectionViewDataModel.swift */; };
		F65349F926B8E056007602B5 /* APIEnvironment.swift in Sources */ = {isa = PBXBuildFile; fileRef = F65349F826B8E056007602B5 /* APIEnvironment.swift */; };
		F65349FB26B8E0B8007602B5 /* APIPath.swift in Sources */ = {isa = PBXBuildFile; fileRef = F65349FA26B8E0B8007602B5 /* APIPath.swift */; };
		F65349FD26B8E197007602B5 /* RequestHandler+Extension.swift in Sources */ = {isa = PBXBuildFile; fileRef = F65349FC26B8E197007602B5 /* RequestHandler+Extension.swift */; };
		F65349FF26B8E1A9007602B5 /* ResponseHandler+Extension.swift in Sources */ = {isa = PBXBuildFile; fileRef = F65349FE26B8E1A9007602B5 /* ResponseHandler+Extension.swift */; };
		F6534A0126B8E206007602B5 /* APIHandler.swift in Sources */ = {isa = PBXBuildFile; fileRef = F6534A0026B8E206007602B5 /* APIHandler.swift */; };
		F6534A0326B8EA2A007602B5 /* Constants.swift in Sources */ = {isa = PBXBuildFile; fileRef = F6534A0226B8EA2A007602B5 /* Constants.swift */; };
		F6534A0A26BA02BB007602B5 /* ProgressView.swift in Sources */ = {isa = PBXBuildFile; fileRef = F6534A0926BA02BB007602B5 /* ProgressView.swift */; };
		F6534A0C26BA02DD007602B5 /* ProgressShapeLayer.swift in Sources */ = {isa = PBXBuildFile; fileRef = F6534A0B26BA02DD007602B5 /* ProgressShapeLayer.swift */; };
		F6534A0E26BA02F8007602B5 /* StrokeAnimation.swift in Sources */ = {isa = PBXBuildFile; fileRef = F6534A0D26BA02F8007602B5 /* StrokeAnimation.swift */; };
		F6534A1026BA030E007602B5 /* RotationAnimation.swift in Sources */ = {isa = PBXBuildFile; fileRef = F6534A0F26BA030E007602B5 /* RotationAnimation.swift */; };
		F6534A1226BA032E007602B5 /* StokeColorAnimation.swift in Sources */ = {isa = PBXBuildFile; fileRef = F6534A1126BA032E007602B5 /* StokeColorAnimation.swift */; };
/* End PBXBuildFile section */

/* Begin PBXContainerItemProxy section */
		F65349E526B773DC007602B5 /* PBXContainerItemProxy */ = {
			isa = PBXContainerItemProxy;
			containerPortal = 050C76DF26ACFA4800C49681 /* Project object */;
			proxyType = 1;
			remoteGlobalIDString = 050C76E626ACFA4800C49681;
			remoteInfo = TechTest;
		};
/* End PBXContainerItemProxy section */

/* Begin PBXFileReference section */
		050C76E726ACFA4800C49681 /* TechTest.app */ = {isa = PBXFileReference; explicitFileType = wrapper.application; includeInIndex = 0; path = TechTest.app; sourceTree = BUILT_PRODUCTS_DIR; };
		050C76EA26ACFA4800C49681 /* AppDelegate.swift */ = {isa = PBXFileReference; lastKnownFileType = sourcecode.swift; path = AppDelegate.swift; sourceTree = "<group>"; };
		050C76EC26ACFA4800C49681 /* SceneDelegate.swift */ = {isa = PBXFileReference; lastKnownFileType = sourcecode.swift; path = SceneDelegate.swift; sourceTree = "<group>"; };
		050C76F126ACFA4800C49681 /* Base */ = {isa = PBXFileReference; lastKnownFileType = file.storyboard; name = Base; path = Base.lproj/Main.storyboard; sourceTree = "<group>"; };
		050C76F326ACFA4A00C49681 /* Assets.xcassets */ = {isa = PBXFileReference; lastKnownFileType = folder.assetcatalog; path = Assets.xcassets; sourceTree = "<group>"; };
		050C76F626ACFA4A00C49681 /* Base */ = {isa = PBXFileReference; lastKnownFileType = file.storyboard; name = Base; path = Base.lproj/LaunchScreen.storyboard; sourceTree = "<group>"; };
		050C76F826ACFA4A00C49681 /* Info.plist */ = {isa = PBXFileReference; lastKnownFileType = text.plist.xml; path = Info.plist; sourceTree = "<group>"; };
		050C770726ACFD1C00C49681 /* URLGenerator.swift */ = {isa = PBXFileReference; lastKnownFileType = sourcecode.swift; path = URLGenerator.swift; sourceTree = "<group>"; };
		050C770A26AD01DD00C49681 /* ProductResponse.swift */ = {isa = PBXFileReference; lastKnownFileType = sourcecode.swift; path = ProductResponse.swift; sourceTree = "<group>"; };
		050C770D26AD09FE00C49681 /* ProductViewModel.swift */ = {isa = PBXFileReference; lastKnownFileType = sourcecode.swift; path = ProductViewModel.swift; sourceTree = "<group>"; };
		050C771026AD0C5300C49681 /* ProductListViewModel.swift */ = {isa = PBXFileReference; lastKnownFileType = sourcecode.swift; path = ProductListViewModel.swift; sourceTree = "<group>"; };
		050C771326AD402500C49681 /* APILoader.swift */ = {isa = PBXFileReference; lastKnownFileType = sourcecode.swift; path = APILoader.swift; sourceTree = "<group>"; };
		050C771926AD564B00C49681 /* ProductListViewController.swift */ = {isa = PBXFileReference; lastKnownFileType = sourcecode.swift; path = ProductListViewController.swift; sourceTree = "<group>"; };
		050C771D26AE387E00C49681 /* ProductListLoaderURL.swift */ = {isa = PBXFileReference; lastKnownFileType = sourcecode.swift; path = ProductListLoaderURL.swift; sourceTree = "<group>"; };
		050C772126AE39DD00C49681 /* ProductDetailLoaderURL.swift */ = {isa = PBXFileReference; lastKnownFileType = sourcecode.swift; path = ProductDetailLoaderURL.swift; sourceTree = "<group>"; };
		050C772526AE3E3500C49681 /* ProductTableListCell.swift */ = {isa = PBXFileReference; lastKnownFileType = sourcecode.swift; path = ProductTableListCell.swift; sourceTree = "<group>"; };
		050C772F26AFBB6900C49681 /* ProductDetailViewController.swift */ = {isa = PBXFileReference; lastKnownFileType = sourcecode.swift; path = ProductDetailViewController.swift; sourceTree = "<group>"; };
		050C773426AFEB3300C49681 /* ProductDetailResponse.swift */ = {isa = PBXFileReference; lastKnownFileType = sourcecode.swift; path = ProductDetailResponse.swift; sourceTree = "<group>"; };
		050C773726B0CFF500C49681 /* ProductDetailViewModel.swift */ = {isa = PBXFileReference; lastKnownFileType = sourcecode.swift; path = ProductDetailViewModel.swift; sourceTree = "<group>"; };
		05B5CC1826B3BB5100F17CCA /* CollectionViewDataModel.swift */ = {isa = PBXFileReference; lastKnownFileType = sourcecode.swift; path = CollectionViewDataModel.swift; sourceTree = "<group>"; };
		F65349E026B773DC007602B5 /* TechTestTests.xctest */ = {isa = PBXFileReference; explicitFileType = wrapper.cfbundle; includeInIndex = 0; path = TechTestTests.xctest; sourceTree = BUILT_PRODUCTS_DIR; };
		F65349E426B773DC007602B5 /* Info.plist */ = {isa = PBXFileReference; lastKnownFileType = text.plist.xml; path = Info.plist; sourceTree = "<group>"; };
		F65349F826B8E056007602B5 /* APIEnvironment.swift */ = {isa = PBXFileReference; lastKnownFileType = sourcecode.swift; path = APIEnvironment.swift; sourceTree = "<group>"; };
		F65349FA26B8E0B8007602B5 /* APIPath.swift */ = {isa = PBXFileReference; lastKnownFileType = sourcecode.swift; path = APIPath.swift; sourceTree = "<group>"; };
		F65349FC26B8E197007602B5 /* RequestHandler+Extension.swift */ = {isa = PBXFileReference; lastKnownFileType = sourcecode.swift; path = "RequestHandler+Extension.swift"; sourceTree = "<group>"; };
		F65349FE26B8E1A9007602B5 /* ResponseHandler+Extension.swift */ = {isa = PBXFileReference; lastKnownFileType = sourcecode.swift; path = "ResponseHandler+Extension.swift"; sourceTree = "<group>"; };
		F6534A0026B8E206007602B5 /* APIHandler.swift */ = {isa = PBXFileReference; lastKnownFileType = sourcecode.swift; path = APIHandler.swift; sourceTree = "<group>"; };
		F6534A0226B8EA2A007602B5 /* Constants.swift */ = {isa = PBXFileReference; lastKnownFileType = sourcecode.swift; path = Constants.swift; sourceTree = "<group>"; };
		F6534A0926BA02BB007602B5 /* ProgressView.swift */ = {isa = PBXFileReference; lastKnownFileType = sourcecode.swift; path = ProgressView.swift; sourceTree = "<group>"; };
		F6534A0B26BA02DD007602B5 /* ProgressShapeLayer.swift */ = {isa = PBXFileReference; lastKnownFileType = sourcecode.swift; path = ProgressShapeLayer.swift; sourceTree = "<group>"; };
		F6534A0D26BA02F8007602B5 /* StrokeAnimation.swift */ = {isa = PBXFileReference; lastKnownFileType = sourcecode.swift; path = StrokeAnimation.swift; sourceTree = "<group>"; };
		F6534A0F26BA030E007602B5 /* RotationAnimation.swift */ = {isa = PBXFileReference; lastKnownFileType = sourcecode.swift; path = RotationAnimation.swift; sourceTree = "<group>"; };
		F6534A1126BA032E007602B5 /* StokeColorAnimation.swift */ = {isa = PBXFileReference; lastKnownFileType = sourcecode.swift; path = StokeColorAnimation.swift; sourceTree = "<group>"; };
/* End PBXFileReference section */

/* Begin PBXFrameworksBuildPhase section */
		050C76E426ACFA4800C49681 /* Frameworks */ = {
			isa = PBXFrameworksBuildPhase;
			buildActionMask = 2147483647;
			files = (
			);
			runOnlyForDeploymentPostprocessing = 0;
		};
		F65349DD26B773DC007602B5 /* Frameworks */ = {
			isa = PBXFrameworksBuildPhase;
			buildActionMask = 2147483647;
			files = (
			);
			runOnlyForDeploymentPostprocessing = 0;
		};
/* End PBXFrameworksBuildPhase section */

/* Begin PBXGroup section */
		050C76DE26ACFA4800C49681 = {
			isa = PBXGroup;
			children = (
				050C76E926ACFA4800C49681 /* TechTest */,
				F65349E126B773DC007602B5 /* TechTestTests */,
				050C76E826ACFA4800C49681 /* Products */,
			);
			sourceTree = "<group>";
		};
		050C76E826ACFA4800C49681 /* Products */ = {
			isa = PBXGroup;
			children = (
				050C76E726ACFA4800C49681 /* TechTest.app */,
				F65349E026B773DC007602B5 /* TechTestTests.xctest */,
			);
			name = Products;
			sourceTree = "<group>";
		};
		050C76E926ACFA4800C49681 /* TechTest */ = {
			isa = PBXGroup;
			children = (
				F6534A0726BA0293007602B5 /* Common */,
				050C770526ACFA9600C49681 /* Network */,
				0572551426B6D4AF00EABB00 /* Resources */,
				050C772426AE3E1600C49681 /* Custom Cell */,
				050C770426ACFA9200C49681 /* Services */,
				050C770226ACFA7D00C49681 /* Utils */,
				050C770126ACFA7500C49681 /* Model */,
				050C770026ACFA6800C49681 /* ViewModel */,
				050C76FF26ACFA5900C49681 /* Controller */,
			);
			path = TechTest;
			sourceTree = "<group>";
		};
		050C76FF26ACFA5900C49681 /* Controller */ = {
			isa = PBXGroup;
			children = (
				050C771926AD564B00C49681 /* ProductListViewController.swift */,
				050C772F26AFBB6900C49681 /* ProductDetailViewController.swift */,
			);
			path = Controller;
			sourceTree = "<group>";
		};
		050C770026ACFA6800C49681 /* ViewModel */ = {
			isa = PBXGroup;
			children = (
				050C770D26AD09FE00C49681 /* ProductViewModel.swift */,
				050C771026AD0C5300C49681 /* ProductListViewModel.swift */,
				050C773726B0CFF500C49681 /* ProductDetailViewModel.swift */,
			);
			path = ViewModel;
			sourceTree = "<group>";
		};
		050C770126ACFA7500C49681 /* Model */ = {
			isa = PBXGroup;
			children = (
				050C770A26AD01DD00C49681 /* ProductResponse.swift */,
				050C773426AFEB3300C49681 /* ProductDetailResponse.swift */,
				05B5CC1826B3BB5100F17CCA /* CollectionViewDataModel.swift */,
			);
			path = Model;
			sourceTree = "<group>";
		};
		050C770226ACFA7D00C49681 /* Utils */ = {
			isa = PBXGroup;
			children = (
				050C770726ACFD1C00C49681 /* URLGenerator.swift */,
				F6534A0226B8EA2A007602B5 /* Constants.swift */,
			);
			path = Utils;
			sourceTree = "<group>";
		};
		050C770426ACFA9200C49681 /* Services */ = {
			isa = PBXGroup;
			children = (
				050C771D26AE387E00C49681 /* ProductListLoaderURL.swift */,
				050C772126AE39DD00C49681 /* ProductDetailLoaderURL.swift */,
			);
			path = Services;
			sourceTree = "<group>";
		};
		050C770526ACFA9600C49681 /* Network */ = {
			isa = PBXGroup;
			children = (
				050C771326AD402500C49681 /* APILoader.swift */,
				F65349F826B8E056007602B5 /* APIEnvironment.swift */,
				F65349FA26B8E0B8007602B5 /* APIPath.swift */,
				F65349FC26B8E197007602B5 /* RequestHandler+Extension.swift */,
				F65349FE26B8E1A9007602B5 /* ResponseHandler+Extension.swift */,
				F6534A0026B8E206007602B5 /* APIHandler.swift */,
			);
			path = Network;
			sourceTree = "<group>";
		};
		050C772426AE3E1600C49681 /* Custom Cell */ = {
			isa = PBXGroup;
			children = (
				050C772526AE3E3500C49681 /* ProductTableListCell.swift */,
			);
			path = "Custom Cell";
			sourceTree = "<group>";
		};
		0572551426B6D4AF00EABB00 /* Resources */ = {
			isa = PBXGroup;
			children = (
				050C76EA26ACFA4800C49681 /* AppDelegate.swift */,
				050C76EC26ACFA4800C49681 /* SceneDelegate.swift */,
				050C76F026ACFA4800C49681 /* Main.storyboard */,
				050C76F326ACFA4A00C49681 /* Assets.xcassets */,
				050C76F526ACFA4A00C49681 /* LaunchScreen.storyboard */,
				050C76F826ACFA4A00C49681 /* Info.plist */,
			);
			path = Resources;
			sourceTree = "<group>";
		};
		F65349E126B773DC007602B5 /* TechTestTests */ = {
			isa = PBXGroup;
			children = (
				F65349E426B773DC007602B5 /* Info.plist */,
			);
			path = TechTestTests;
			sourceTree = "<group>";
		};
		F6534A0726BA0293007602B5 /* Common */ = {
			isa = PBXGroup;
			children = (
				F6534A0826BA029A007602B5 /* ProgressView */,
			);
			path = Common;
			sourceTree = "<group>";
		};
		F6534A0826BA029A007602B5 /* ProgressView */ = {
			isa = PBXGroup;
			children = (
				F6534A0926BA02BB007602B5 /* ProgressView.swift */,
				F6534A0B26BA02DD007602B5 /* ProgressShapeLayer.swift */,
				F6534A0D26BA02F8007602B5 /* StrokeAnimation.swift */,
				F6534A0F26BA030E007602B5 /* RotationAnimation.swift */,
				F6534A1126BA032E007602B5 /* StokeColorAnimation.swift */,
			);
			path = ProgressView;
			sourceTree = "<group>";
		};
/* End PBXGroup section */

/* Begin PBXNativeTarget section */
		050C76E626ACFA4800C49681 /* TechTest */ = {
			isa = PBXNativeTarget;
			buildConfigurationList = 050C76FB26ACFA4A00C49681 /* Build configuration list for PBXNativeTarget "TechTest" */;
			buildPhases = (
				050C76E326ACFA4800C49681 /* Sources */,
				050C76E426ACFA4800C49681 /* Frameworks */,
				050C76E526ACFA4800C49681 /* Resources */,
			);
			buildRules = (
			);
			dependencies = (
			);
			name = TechTest;
			productName = TechTest;
			productReference = 050C76E726ACFA4800C49681 /* TechTest.app */;
			productType = "com.apple.product-type.application";
		};
		F65349DF26B773DC007602B5 /* TechTestTests */ = {
			isa = PBXNativeTarget;
			buildConfigurationList = F65349E726B773DC007602B5 /* Build configuration list for PBXNativeTarget "TechTestTests" */;
			buildPhases = (
				F65349DC26B773DC007602B5 /* Sources */,
				F65349DD26B773DC007602B5 /* Frameworks */,
				F65349DE26B773DC007602B5 /* Resources */,
			);
			buildRules = (
			);
			dependencies = (
				F65349E626B773DC007602B5 /* PBXTargetDependency */,
			);
			name = TechTestTests;
			productName = TechTestTests;
			productReference = F65349E026B773DC007602B5 /* TechTestTests.xctest */;
			productType = "com.apple.product-type.bundle.unit-test";
		};
/* End PBXNativeTarget section */

/* Begin PBXProject section */
		050C76DF26ACFA4800C49681 /* Project object */ = {
			isa = PBXProject;
			attributes = {
				LastSwiftUpdateCheck = 1250;
				LastUpgradeCheck = 1240;
				TargetAttributes = {
					050C76E626ACFA4800C49681 = {
						CreatedOnToolsVersion = 12.4;
					};
					F65349DF26B773DC007602B5 = {
						CreatedOnToolsVersion = 12.5.1;
						TestTargetID = 050C76E626ACFA4800C49681;
					};
				};
			};
			buildConfigurationList = 050C76E226ACFA4800C49681 /* Build configuration list for PBXProject "TechTest" */;
			compatibilityVersion = "Xcode 9.3";
			developmentRegion = en;
			hasScannedForEncodings = 0;
			knownRegions = (
				en,
				Base,
			);
			mainGroup = 050C76DE26ACFA4800C49681;
			productRefGroup = 050C76E826ACFA4800C49681 /* Products */;
			projectDirPath = "";
			projectRoot = "";
			targets = (
				050C76E626ACFA4800C49681 /* TechTest */,
				F65349DF26B773DC007602B5 /* TechTestTests */,
			);
		};
/* End PBXProject section */

/* Begin PBXResourcesBuildPhase section */
		050C76E526ACFA4800C49681 /* Resources */ = {
			isa = PBXResourcesBuildPhase;
			buildActionMask = 2147483647;
			files = (
				050C76F726ACFA4A00C49681 /* LaunchScreen.storyboard in Resources */,
				050C76F426ACFA4A00C49681 /* Assets.xcassets in Resources */,
				050C76F226ACFA4800C49681 /* Main.storyboard in Resources */,
			);
			runOnlyForDeploymentPostprocessing = 0;
		};
		F65349DE26B773DC007602B5 /* Resources */ = {
			isa = PBXResourcesBuildPhase;
			buildActionMask = 2147483647;
			files = (
			);
			runOnlyForDeploymentPostprocessing = 0;
		};
/* End PBXResourcesBuildPhase section */

/* Begin PBXSourcesBuildPhase section */
		050C76E326ACFA4800C49681 /* Sources */ = {
			isa = PBXSourcesBuildPhase;
			buildActionMask = 2147483647;
			files = (
				F6534A0E26BA02F8007602B5 /* StrokeAnimation.swift in Sources */,
				050C770B26AD01DD00C49681 /* ProductResponse.swift in Sources */,
				05B5CC1926B3BB5100F17CCA /* CollectionViewDataModel.swift in Sources */,
				F6534A1226BA032E007602B5 /* StokeColorAnimation.swift in Sources */,
				050C771426AD402500C49681 /* APILoader.swift in Sources */,
				F6534A0C26BA02DD007602B5 /* ProgressShapeLayer.swift in Sources */,
				050C772226AE39DD00C49681 /* ProductDetailLoaderURL.swift in Sources */,
				F65349F926B8E056007602B5 /* APIEnvironment.swift in Sources */,
				F6534A0326B8EA2A007602B5 /* Constants.swift in Sources */,
				F6534A1026BA030E007602B5 /* RotationAnimation.swift in Sources */,
				050C771A26AD564B00C49681 /* ProductListViewController.swift in Sources */,
				050C773026AFBB6900C49681 /* ProductDetailViewController.swift in Sources */,
				050C771E26AE387E00C49681 /* ProductListLoaderURL.swift in Sources */,
				050C772626AE3E3500C49681 /* ProductTableListCell.swift in Sources */,
				050C770E26AD09FE00C49681 /* ProductViewModel.swift in Sources */,
				F65349FB26B8E0B8007602B5 /* APIPath.swift in Sources */,
				050C771126AD0C5300C49681 /* ProductListViewModel.swift in Sources */,
				F6534A0126B8E206007602B5 /* APIHandler.swift in Sources */,
				F65349FD26B8E197007602B5 /* RequestHandler+Extension.swift in Sources */,
				F65349FF26B8E1A9007602B5 /* ResponseHandler+Extension.swift in Sources */,
				050C773526AFEB3300C49681 /* ProductDetailResponse.swift in Sources */,
				050C773826B0CFF500C49681 /* ProductDetailViewModel.swift in Sources */,
				050C76EB26ACFA4800C49681 /* AppDelegate.swift in Sources */,
				050C76ED26ACFA4800C49681 /* SceneDelegate.swift in Sources */,
				050C770826ACFD1C00C49681 /* URLGenerator.swift in Sources */,
				F6534A0A26BA02BB007602B5 /* ProgressView.swift in Sources */,
			);
			runOnlyForDeploymentPostprocessing = 0;
		};
		F65349DC26B773DC007602B5 /* Sources */ = {
			isa = PBXSourcesBuildPhase;
			buildActionMask = 2147483647;
			files = (
			);
			runOnlyForDeploymentPostprocessing = 0;
		};
/* End PBXSourcesBuildPhase section */

/* Begin PBXTargetDependency section */
		F65349E626B773DC007602B5 /* PBXTargetDependency */ = {
			isa = PBXTargetDependency;
			target = 050C76E626ACFA4800C49681 /* TechTest */;
			targetProxy = F65349E526B773DC007602B5 /* PBXContainerItemProxy */;
		};
/* End PBXTargetDependency section */

/* Begin PBXVariantGroup section */
		050C76F026ACFA4800C49681 /* Main.storyboard */ = {
			isa = PBXVariantGroup;
			children = (
				050C76F126ACFA4800C49681 /* Base */,
			);
			name = Main.storyboard;
			sourceTree = "<group>";
		};
		050C76F526ACFA4A00C49681 /* LaunchScreen.storyboard */ = {
			isa = PBXVariantGroup;
			children = (
				050C76F626ACFA4A00C49681 /* Base */,
			);
			name = LaunchScreen.storyboard;
			sourceTree = "<group>";
		};
/* End PBXVariantGroup section */

/* Begin XCBuildConfiguration section */
		050C76F926ACFA4A00C49681 /* Debug */ = {
			isa = XCBuildConfiguration;
			buildSettings = {
				ALWAYS_SEARCH_USER_PATHS = NO;
				CLANG_ANALYZER_NONNULL = YES;
				CLANG_ANALYZER_NUMBER_OBJECT_CONVERSION = YES_AGGRESSIVE;
				CLANG_CXX_LANGUAGE_STANDARD = "gnu++14";
				CLANG_CXX_LIBRARY = "libc++";
				CLANG_ENABLE_MODULES = YES;
				CLANG_ENABLE_OBJC_ARC = YES;
				CLANG_ENABLE_OBJC_WEAK = YES;
				CLANG_WARN_BLOCK_CAPTURE_AUTORELEASING = YES;
				CLANG_WARN_BOOL_CONVERSION = YES;
				CLANG_WARN_COMMA = YES;
				CLANG_WARN_CONSTANT_CONVERSION = YES;
				CLANG_WARN_DEPRECATED_OBJC_IMPLEMENTATIONS = YES;
				CLANG_WARN_DIRECT_OBJC_ISA_USAGE = YES_ERROR;
				CLANG_WARN_DOCUMENTATION_COMMENTS = YES;
				CLANG_WARN_EMPTY_BODY = YES;
				CLANG_WARN_ENUM_CONVERSION = YES;
				CLANG_WARN_INFINITE_RECURSION = YES;
				CLANG_WARN_INT_CONVERSION = YES;
				CLANG_WARN_NON_LITERAL_NULL_CONVERSION = YES;
				CLANG_WARN_OBJC_IMPLICIT_RETAIN_SELF = YES;
				CLANG_WARN_OBJC_LITERAL_CONVERSION = YES;
				CLANG_WARN_OBJC_ROOT_CLASS = YES_ERROR;
				CLANG_WARN_QUOTED_INCLUDE_IN_FRAMEWORK_HEADER = YES;
				CLANG_WARN_RANGE_LOOP_ANALYSIS = YES;
				CLANG_WARN_STRICT_PROTOTYPES = YES;
				CLANG_WARN_SUSPICIOUS_MOVE = YES;
				CLANG_WARN_UNGUARDED_AVAILABILITY = YES_AGGRESSIVE;
				CLANG_WARN_UNREACHABLE_CODE = YES;
				CLANG_WARN__DUPLICATE_METHOD_MATCH = YES;
				COPY_PHASE_STRIP = NO;
				DEBUG_INFORMATION_FORMAT = dwarf;
				ENABLE_STRICT_OBJC_MSGSEND = YES;
				ENABLE_TESTABILITY = YES;
				GCC_C_LANGUAGE_STANDARD = gnu11;
				GCC_DYNAMIC_NO_PIC = NO;
				GCC_NO_COMMON_BLOCKS = YES;
				GCC_OPTIMIZATION_LEVEL = 0;
				GCC_PREPROCESSOR_DEFINITIONS = (
					"DEBUG=1",
					"$(inherited)",
				);
				GCC_WARN_64_TO_32_BIT_CONVERSION = YES;
				GCC_WARN_ABOUT_RETURN_TYPE = YES_ERROR;
				GCC_WARN_UNDECLARED_SELECTOR = YES;
				GCC_WARN_UNINITIALIZED_AUTOS = YES_AGGRESSIVE;
				GCC_WARN_UNUSED_FUNCTION = YES;
				GCC_WARN_UNUSED_VARIABLE = YES;
				IPHONEOS_DEPLOYMENT_TARGET = 14.4;
				MTL_ENABLE_DEBUG_INFO = INCLUDE_SOURCE;
				MTL_FAST_MATH = YES;
				ONLY_ACTIVE_ARCH = YES;
				SDKROOT = iphoneos;
				SWIFT_ACTIVE_COMPILATION_CONDITIONS = DEBUG;
				SWIFT_OPTIMIZATION_LEVEL = "-Onone";
			};
			name = Debug;
		};
		050C76FA26ACFA4A00C49681 /* Release */ = {
			isa = XCBuildConfiguration;
			buildSettings = {
				ALWAYS_SEARCH_USER_PATHS = NO;
				CLANG_ANALYZER_NONNULL = YES;
				CLANG_ANALYZER_NUMBER_OBJECT_CONVERSION = YES_AGGRESSIVE;
				CLANG_CXX_LANGUAGE_STANDARD = "gnu++14";
				CLANG_CXX_LIBRARY = "libc++";
				CLANG_ENABLE_MODULES = YES;
				CLANG_ENABLE_OBJC_ARC = YES;
				CLANG_ENABLE_OBJC_WEAK = YES;
				CLANG_WARN_BLOCK_CAPTURE_AUTORELEASING = YES;
				CLANG_WARN_BOOL_CONVERSION = YES;
				CLANG_WARN_COMMA = YES;
				CLANG_WARN_CONSTANT_CONVERSION = YES;
				CLANG_WARN_DEPRECATED_OBJC_IMPLEMENTATIONS = YES;
				CLANG_WARN_DIRECT_OBJC_ISA_USAGE = YES_ERROR;
				CLANG_WARN_DOCUMENTATION_COMMENTS = YES;
				CLANG_WARN_EMPTY_BODY = YES;
				CLANG_WARN_ENUM_CONVERSION = YES;
				CLANG_WARN_INFINITE_RECURSION = YES;
				CLANG_WARN_INT_CONVERSION = YES;
				CLANG_WARN_NON_LITERAL_NULL_CONVERSION = YES;
				CLANG_WARN_OBJC_IMPLICIT_RETAIN_SELF = YES;
				CLANG_WARN_OBJC_LITERAL_CONVERSION = YES;
				CLANG_WARN_OBJC_ROOT_CLASS = YES_ERROR;
				CLANG_WARN_QUOTED_INCLUDE_IN_FRAMEWORK_HEADER = YES;
				CLANG_WARN_RANGE_LOOP_ANALYSIS = YES;
				CLANG_WARN_STRICT_PROTOTYPES = YES;
				CLANG_WARN_SUSPICIOUS_MOVE = YES;
				CLANG_WARN_UNGUARDED_AVAILABILITY = YES_AGGRESSIVE;
				CLANG_WARN_UNREACHABLE_CODE = YES;
				CLANG_WARN__DUPLICATE_METHOD_MATCH = YES;
				COPY_PHASE_STRIP = NO;
				DEBUG_INFORMATION_FORMAT = "dwarf-with-dsym";
				ENABLE_NS_ASSERTIONS = NO;
				ENABLE_STRICT_OBJC_MSGSEND = YES;
				GCC_C_LANGUAGE_STANDARD = gnu11;
				GCC_NO_COMMON_BLOCKS = YES;
				GCC_WARN_64_TO_32_BIT_CONVERSION = YES;
				GCC_WARN_ABOUT_RETURN_TYPE = YES_ERROR;
				GCC_WARN_UNDECLARED_SELECTOR = YES;
				GCC_WARN_UNINITIALIZED_AUTOS = YES_AGGRESSIVE;
				GCC_WARN_UNUSED_FUNCTION = YES;
				GCC_WARN_UNUSED_VARIABLE = YES;
				IPHONEOS_DEPLOYMENT_TARGET = 14.4;
				MTL_ENABLE_DEBUG_INFO = NO;
				MTL_FAST_MATH = YES;
				SDKROOT = iphoneos;
				SWIFT_COMPILATION_MODE = wholemodule;
				SWIFT_OPTIMIZATION_LEVEL = "-O";
				VALIDATE_PRODUCT = YES;
			};
			name = Release;
		};
		050C76FC26ACFA4A00C49681 /* Debug */ = {
			isa = XCBuildConfiguration;
			buildSettings = {
				ASSETCATALOG_COMPILER_APPICON_NAME = AppIcon;
				ASSETCATALOG_COMPILER_GLOBAL_ACCENT_COLOR_NAME = AccentColor;
				CODE_SIGN_STYLE = Automatic;
				DEVELOPMENT_TEAM = 7TCT482N32;
				INFOPLIST_FILE = "$(SRCROOT)/TechTest/Resources/Info.plist";
				IPHONEOS_DEPLOYMENT_TARGET = 14.0;
				LD_RUNPATH_SEARCH_PATHS = (
					"$(inherited)",
					"@executable_path/Frameworks",
				);
				PRODUCT_BUNDLE_IDENTIFIER = com.chazzit.TechTest;
				PRODUCT_NAME = "$(TARGET_NAME)";
				SWIFT_VERSION = 5.0;
				TARGETED_DEVICE_FAMILY = "1,2";
			};
			name = Debug;
		};
		050C76FD26ACFA4A00C49681 /* Release */ = {
			isa = XCBuildConfiguration;
			buildSettings = {
				ASSETCATALOG_COMPILER_APPICON_NAME = AppIcon;
				ASSETCATALOG_COMPILER_GLOBAL_ACCENT_COLOR_NAME = AccentColor;
				CODE_SIGN_STYLE = Automatic;
				DEVELOPMENT_TEAM = 7TCT482N32;
				INFOPLIST_FILE = "$(SRCROOT)/TechTest/Resources/Info.plist";
				IPHONEOS_DEPLOYMENT_TARGET = 14.0;
				LD_RUNPATH_SEARCH_PATHS = (
					"$(inherited)",
					"@executable_path/Frameworks",
				);
				PRODUCT_BUNDLE_IDENTIFIER = com.chazzit.TechTest;
				PRODUCT_NAME = "$(TARGET_NAME)";
				SWIFT_VERSION = 5.0;
				TARGETED_DEVICE_FAMILY = "1,2";
			};
			name = Release;
		};
		F65349E826B773DC007602B5 /* Debug */ = {
			isa = XCBuildConfiguration;
			buildSettings = {
				BUNDLE_LOADER = "$(TEST_HOST)";
				CODE_SIGN_STYLE = Automatic;
				DEVELOPMENT_TEAM = 7TCT482N32;
				INFOPLIST_FILE = TechTestTests/Info.plist;
				IPHONEOS_DEPLOYMENT_TARGET = 14.5;
				LD_RUNPATH_SEARCH_PATHS = (
					"$(inherited)",
					"@executable_path/Frameworks",
					"@loader_path/Frameworks",
				);
				PRODUCT_BUNDLE_IDENTIFIER = com.chazzit.TechTestTests;
				PRODUCT_NAME = "$(TARGET_NAME)";
				SWIFT_VERSION = 5.0;
				TARGETED_DEVICE_FAMILY = "1,2";
				TEST_HOST = "$(BUILT_PRODUCTS_DIR)/TechTest.app/TechTest";
			};
			name = Debug;
		};
		F65349E926B773DC007602B5 /* Release */ = {
			isa = XCBuildConfiguration;
			buildSettings = {
				BUNDLE_LOADER = "$(TEST_HOST)";
				CODE_SIGN_STYLE = Automatic;
				DEVELOPMENT_TEAM = 7TCT482N32;
				INFOPLIST_FILE = TechTestTests/Info.plist;
				IPHONEOS_DEPLOYMENT_TARGET = 14.5;
				LD_RUNPATH_SEARCH_PATHS = (
					"$(inherited)",
					"@executable_path/Frameworks",
					"@loader_path/Frameworks",
				);
				PRODUCT_BUNDLE_IDENTIFIER = com.chazzit.TechTestTests;
				PRODUCT_NAME = "$(TARGET_NAME)";
				SWIFT_VERSION = 5.0;
				TARGETED_DEVICE_FAMILY = "1,2";
				TEST_HOST = "$(BUILT_PRODUCTS_DIR)/TechTest.app/TechTest";
			};
			name = Release;
		};
/* End XCBuildConfiguration section */

/* Begin XCConfigurationList section */
		050C76E226ACFA4800C49681 /* Build configuration list for PBXProject "TechTest" */ = {
			isa = XCConfigurationList;
			buildConfigurations = (
				050C76F926ACFA4A00C49681 /* Debug */,
				050C76FA26ACFA4A00C49681 /* Release */,
			);
			defaultConfigurationIsVisible = 0;
			defaultConfigurationName = Release;
		};
		050C76FB26ACFA4A00C49681 /* Build configuration list for PBXNativeTarget "TechTest" */ = {
			isa = XCConfigurationList;
			buildConfigurations = (
				050C76FC26ACFA4A00C49681 /* Debug */,
				050C76FD26ACFA4A00C49681 /* Release */,
			);
			defaultConfigurationIsVisible = 0;
			defaultConfigurationName = Release;
		};
		F65349E726B773DC007602B5 /* Build configuration list for PBXNativeTarget "TechTestTests" */ = {
			isa = XCConfigurationList;
			buildConfigurations = (
				F65349E826B773DC007602B5 /* Debug */,
				F65349E926B773DC007602B5 /* Release */,
			);
			defaultConfigurationIsVisible = 0;
			defaultConfigurationName = Release;
		};
/* End XCConfigurationList section */
	};
	rootObject = 050C76DF26ACFA4800C49681 /* Project object */;
}
